// !$*UTF8*$!
{
	archiveVersion = 1;
	classes = {
	};
	objectVersion = 48;
	objects = {

/* Begin PBXBuildFile section */
		76082DF31FC12E2100EE906D /* NSImage+BYAddition.m in Sources */ = {isa = PBXBuildFile; fileRef = 76082DF21FC12E2100EE906D /* NSImage+BYAddition.m */; };
		76082DF61FC134C000EE906D /* BYImageInfoModel.m in Sources */ = {isa = PBXBuildFile; fileRef = 76082DF51FC134C000EE906D /* BYImageInfoModel.m */; };
		76082DF91FC139AF00EE906D /* BYSourceModel.m in Sources */ = {isa = PBXBuildFile; fileRef = 76082DF81FC139AF00EE906D /* BYSourceModel.m */; };
		C5B713B21F8E1ABA00E2B17A /* main.m in Sources */ = {isa = PBXBuildFile; fileRef = C5B713AC1F8E1ABA00E2B17A /* main.m */; };
		C5B713B31F8E1ABA00E2B17A /* Assets.xcassets in Resources */ = {isa = PBXBuildFile; fileRef = C5B713AD1F8E1ABA00E2B17A /* Assets.xcassets */; };
		C5B713B41F8E1ABA00E2B17A /* AppDelegate.m in Sources */ = {isa = PBXBuildFile; fileRef = C5B713AE1F8E1ABA00E2B17A /* AppDelegate.m */; };
		C5B713B51F8E1ABA00E2B17A /* MainMenu.xib in Resources */ = {isa = PBXBuildFile; fileRef = C5B713B01F8E1ABA00E2B17A /* MainMenu.xib */; };
		C5B713B91F8E1BA900E2B17A /* Main.storyboard in Resources */ = {isa = PBXBuildFile; fileRef = C5B713B81F8E1BA900E2B17A /* Main.storyboard */; };
		C5B713BC1F8E1C4400E2B17A /* BYMainWindowController.m in Sources */ = {isa = PBXBuildFile; fileRef = C5B713BB1F8E1C4400E2B17A /* BYMainWindowController.m */; };
		C5B713BF1F8E259900E2B17A /* BYImageSelectViewController.m in Sources */ = {isa = PBXBuildFile; fileRef = C5B713BE1F8E259900E2B17A /* BYImageSelectViewController.m */; };
		C5C48F5E1F8E30C90014E26D /* BYDragDropView.m in Sources */ = {isa = PBXBuildFile; fileRef = C5C48F5D1F8E30C90014E26D /* BYDragDropView.m */; };
		C5FF49F91F8F739900488020 /* Source.plist in Resources */ = {isa = PBXBuildFile; fileRef = C5FF49F81F8F739900488020 /* Source.plist */; };
/* End PBXBuildFile section */

/* Begin PBXFileReference section */
		76082DF11FC12E2100EE906D /* NSImage+BYAddition.h */ = {isa = PBXFileReference; lastKnownFileType = sourcecode.c.h; path = "NSImage+BYAddition.h"; sourceTree = "<group>"; };
		76082DF21FC12E2100EE906D /* NSImage+BYAddition.m */ = {isa = PBXFileReference; lastKnownFileType = sourcecode.c.objc; path = "NSImage+BYAddition.m"; sourceTree = "<group>"; };
		76082DF41FC134C000EE906D /* BYImageInfoModel.h */ = {isa = PBXFileReference; lastKnownFileType = sourcecode.c.h; path = BYImageInfoModel.h; sourceTree = "<group>"; };
		76082DF51FC134C000EE906D /* BYImageInfoModel.m */ = {isa = PBXFileReference; lastKnownFileType = sourcecode.c.objc; path = BYImageInfoModel.m; sourceTree = "<group>"; };
		76082DF71FC139AF00EE906D /* BYSourceModel.h */ = {isa = PBXFileReference; lastKnownFileType = sourcecode.c.h; path = BYSourceModel.h; sourceTree = "<group>"; };
		76082DF81FC139AF00EE906D /* BYSourceModel.m */ = {isa = PBXFileReference; lastKnownFileType = sourcecode.c.objc; path = BYSourceModel.m; sourceTree = "<group>"; };
		C58DA7091F9066E000B6368E /* BYAppIconTool.entitlements */ = {isa = PBXFileReference; fileEncoding = 4; lastKnownFileType = text.plist.entitlements; path = BYAppIconTool.entitlements; sourceTree = "<group>"; };
		C5B713831F8E0E9200E2B17A /* BYAppIconTool.app */ = {isa = PBXFileReference; explicitFileType = wrapper.application; includeInIndex = 0; path = BYAppIconTool.app; sourceTree = BUILT_PRODUCTS_DIR; };
		C5B713A81F8E1A3F00E2B17A /* Info.plist */ = {isa = PBXFileReference; fileEncoding = 4; lastKnownFileType = text.plist.xml; path = Info.plist; sourceTree = "<group>"; };
		C5B713AB1F8E1ABA00E2B17A /* AppDelegate.h */ = {isa = PBXFileReference; fileEncoding = 4; lastKnownFileType = sourcecode.c.h; path = AppDelegate.h; sourceTree = "<group>"; };
		C5B713AC1F8E1ABA00E2B17A /* main.m */ = {isa = PBXFileReference; fileEncoding = 4; lastKnownFileType = sourcecode.c.objc; path = main.m; sourceTree = "<group>"; };
		C5B713AD1F8E1ABA00E2B17A /* Assets.xcassets */ = {isa = PBXFileReference; lastKnownFileType = folder.assetcatalog; path = Assets.xcassets; sourceTree = "<group>"; };
		C5B713AE1F8E1ABA00E2B17A /* AppDelegate.m */ = {isa = PBXFileReference; fileEncoding = 4; lastKnownFileType = sourcecode.c.objc; path = AppDelegate.m; sourceTree = "<group>"; };
		C5B713B11F8E1ABA00E2B17A /* Base */ = {isa = PBXFileReference; lastKnownFileType = file.xib; name = Base; path = MainMenu.xib; sourceTree = "<group>"; };
		C5B713B81F8E1BA900E2B17A /* Main.storyboard */ = {isa = PBXFileReference; lastKnownFileType = file.storyboard; path = Main.storyboard; sourceTree = "<group>"; };
		C5B713BA1F8E1C4400E2B17A /* BYMainWindowController.h */ = {isa = PBXFileReference; lastKnownFileType = sourcecode.c.h; path = BYMainWindowController.h; sourceTree = "<group>"; };
		C5B713BB1F8E1C4400E2B17A /* BYMainWindowController.m */ = {isa = PBXFileReference; lastKnownFileType = sourcecode.c.objc; path = BYMainWindowController.m; sourceTree = "<group>"; };
		C5B713BD1F8E259900E2B17A /* BYImageSelectViewController.h */ = {isa = PBXFileReference; lastKnownFileType = sourcecode.c.h; path = BYImageSelectViewController.h; sourceTree = "<group>"; };
		C5B713BE1F8E259900E2B17A /* BYImageSelectViewController.m */ = {isa = PBXFileReference; lastKnownFileType = sourcecode.c.objc; path = BYImageSelectViewController.m; sourceTree = "<group>"; };
		C5C48F5C1F8E30C90014E26D /* BYDragDropView.h */ = {isa = PBXFileReference; lastKnownFileType = sourcecode.c.h; path = BYDragDropView.h; sourceTree = "<group>"; };
		C5C48F5D1F8E30C90014E26D /* BYDragDropView.m */ = {isa = PBXFileReference; lastKnownFileType = sourcecode.c.objc; path = BYDragDropView.m; sourceTree = "<group>"; };
		C5FF49F81F8F739900488020 /* Source.plist */ = {isa = PBXFileReference; fileEncoding = 4; lastKnownFileType = text.plist.xml; path = Source.plist; sourceTree = "<group>"; };
/* End PBXFileReference section */

/* Begin PBXFrameworksBuildPhase section */
		C5B713801F8E0E9200E2B17A /* Frameworks */ = {
			isa = PBXFrameworksBuildPhase;
			buildActionMask = 2147483647;
			files = (
			);
			runOnlyForDeploymentPostprocessing = 0;
		};
/* End PBXFrameworksBuildPhase section */

/* Begin PBXGroup section */
		7620D7931FCAFA6900FB0462 /* Controller */ = {
			isa = PBXGroup;
			children = (
				C5B713BA1F8E1C4400E2B17A /* BYMainWindowController.h */,
				C5B713BB1F8E1C4400E2B17A /* BYMainWindowController.m */,
				C5B713BD1F8E259900E2B17A /* BYImageSelectViewController.h */,
				C5B713BE1F8E259900E2B17A /* BYImageSelectViewController.m */,
			);
			path = Controller;
			sourceTree = "<group>";
		};
		7620D7941FCAFA8700FB0462 /* Model */ = {
			isa = PBXGroup;
			children = (
				76082DF71FC139AF00EE906D /* BYSourceModel.h */,
				76082DF81FC139AF00EE906D /* BYSourceModel.m */,
				76082DF41FC134C000EE906D /* BYImageInfoModel.h */,
				76082DF51FC134C000EE906D /* BYImageInfoModel.m */,
			);
			path = Model;
			sourceTree = "<group>";
		};
		7620D7951FCAFA9400FB0462 /* Category */ = {
			isa = PBXGroup;
			children = (
				76082DF11FC12E2100EE906D /* NSImage+BYAddition.h */,
				76082DF21FC12E2100EE906D /* NSImage+BYAddition.m */,
			);
			path = Category;
			sourceTree = "<group>";
		};
		7620D7971FCAFAB300FB0462 /* View */ = {
			isa = PBXGroup;
			children = (
				C5C48F5C1F8E30C90014E26D /* BYDragDropView.h */,
				C5C48F5D1F8E30C90014E26D /* BYDragDropView.m */,
			);
			path = View;
			sourceTree = "<group>";
		};
		C5B7137A1F8E0E9200E2B17A = {
			isa = PBXGroup;
			children = (
				C5B713851F8E0E9200E2B17A /* BYAppIconTool */,
				C5B713841F8E0E9200E2B17A /* Products */,
			);
			sourceTree = "<group>";
		};
		C5B713841F8E0E9200E2B17A /* Products */ = {
			isa = PBXGroup;
			children = (
				C5B713831F8E0E9200E2B17A /* BYAppIconTool.app */,
			);
			name = Products;
			sourceTree = "<group>";
		};
		C5B713851F8E0E9200E2B17A /* BYAppIconTool */ = {
			isa = PBXGroup;
			children = (
				C5B713A51F8E19CB00E2B17A /* Classes */,
				C5B713B71F8E1B1C00E2B17A /* Supporting Files */,
			);
			path = BYAppIconTool;
			sourceTree = "<group>";
		};
		C5B713A51F8E19CB00E2B17A /* Classes */ = {
			isa = PBXGroup;
			children = (
				C5B713A61F8E19CB00E2B17A /* Main */,
			);
			path = Classes;
			sourceTree = "<group>";
		};
		C5B713A61F8E19CB00E2B17A /* Main */ = {
			isa = PBXGroup;
			children = (
				7620D7951FCAFA9400FB0462 /* Category */,
				7620D7931FCAFA6900FB0462 /* Controller */,
				7620D7941FCAFA8700FB0462 /* Model */,
				7620D7971FCAFAB300FB0462 /* View */,
				C5FF49F81F8F739900488020 /* Source.plist */,
				C5B713B81F8E1BA900E2B17A /* Main.storyboard */,
			);
			path = Main;
			sourceTree = "<group>";
		};
		C5B713B71F8E1B1C00E2B17A /* Supporting Files */ = {
			isa = PBXGroup;
			children = (
				C58DA7091F9066E000B6368E /* BYAppIconTool.entitlements */,
				C5B713AB1F8E1ABA00E2B17A /* AppDelegate.h */,
				C5B713AE1F8E1ABA00E2B17A /* AppDelegate.m */,
				C5B713AD1F8E1ABA00E2B17A /* Assets.xcassets */,
				C5B713AC1F8E1ABA00E2B17A /* main.m */,
				C5B713A81F8E1A3F00E2B17A /* Info.plist */,
				C5B713B01F8E1ABA00E2B17A /* MainMenu.xib */,
			);
			name = "Supporting Files";
			sourceTree = "<group>";
		};
/* End PBXGroup section */

/* Begin PBXNativeTarget section */
		C5B713821F8E0E9200E2B17A /* BYAppIconTool */ = {
			isa = PBXNativeTarget;
			buildConfigurationList = C5B713941F8E0E9200E2B17A /* Build configuration list for PBXNativeTarget "BYAppIconTool" */;
			buildPhases = (
				C5B7137F1F8E0E9200E2B17A /* Sources */,
				C5B713801F8E0E9200E2B17A /* Frameworks */,
				C5B713811F8E0E9200E2B17A /* Resources */,
			);
			buildRules = (
			);
			dependencies = (
			);
			name = BYAppIconTool;
			productName = BYAppIconTool;
			productReference = C5B713831F8E0E9200E2B17A /* BYAppIconTool.app */;
			productType = "com.apple.product-type.application";
		};
/* End PBXNativeTarget section */

/* Begin PBXProject section */
		C5B7137B1F8E0E9200E2B17A /* Project object */ = {
			isa = PBXProject;
			attributes = {
				CLASSPREFIX = BY;
				LastUpgradeCheck = 0900;
				ORGANIZATIONNAME = byxc;
				TargetAttributes = {
					C5B713821F8E0E9200E2B17A = {
						CreatedOnToolsVersion = 9.0;
						ProvisioningStyle = Automatic;
						SystemCapabilities = {
							com.apple.Keychain = {
								enabled = 0;
							};
							com.apple.Sandbox = {
								enabled = 0;
							};
						};
					};
				};
			};
			buildConfigurationList = C5B7137E1F8E0E9200E2B17A /* Build configuration list for PBXProject "BYAppIconTool" */;
			compatibilityVersion = "Xcode 8.0";
			developmentRegion = en;
			hasScannedForEncodings = 0;
			knownRegions = (
				en,
				Base,
			);
			mainGroup = C5B7137A1F8E0E9200E2B17A;
			productRefGroup = C5B713841F8E0E9200E2B17A /* Products */;
			projectDirPath = "";
			projectRoot = "";
			targets = (
				C5B713821F8E0E9200E2B17A /* BYAppIconTool */,
			);
		};
/* End PBXProject section */

/* Begin PBXResourcesBuildPhase section */
		C5B713811F8E0E9200E2B17A /* Resources */ = {
			isa = PBXResourcesBuildPhase;
			buildActionMask = 2147483647;
			files = (
				C5B713B31F8E1ABA00E2B17A /* Assets.xcassets in Resources */,
				C5B713B91F8E1BA900E2B17A /* Main.storyboard in Resources */,
				C5B713B51F8E1ABA00E2B17A /* MainMenu.xib in Resources */,
				C5FF49F91F8F739900488020 /* Source.plist in Resources */,
			);
			runOnlyForDeploymentPostprocessing = 0;
		};
/* End PBXResourcesBuildPhase section */

/* Begin PBXSourcesBuildPhase section */
		C5B7137F1F8E0E9200E2B17A /* Sources */ = {
			isa = PBXSourcesBuildPhase;
			buildActionMask = 2147483647;
			files = (
				76082DF31FC12E2100EE906D /* NSImage+BYAddition.m in Sources */,
				C5B713BF1F8E259900E2B17A /* BYImageSelectViewController.m in Sources */,
				C5C48F5E1F8E30C90014E26D /* BYDragDropView.m in Sources */,
				C5B713BC1F8E1C4400E2B17A /* BYMainWindowController.m in Sources */,
				C5B713B41F8E1ABA00E2B17A /* AppDelegate.m in Sources */,
				C5B713B21F8E1ABA00E2B17A /* main.m in Sources */,
				76082DF61FC134C000EE906D /* BYImageInfoModel.m in Sources */,
				76082DF91FC139AF00EE906D /* BYSourceModel.m in Sources */,
			);
			runOnlyForDeploymentPostprocessing = 0;
		};
/* End PBXSourcesBuildPhase section */

/* Begin PBXVariantGroup section */
		C5B713B01F8E1ABA00E2B17A /* MainMenu.xib */ = {
			isa = PBXVariantGroup;
			children = (
				C5B713B11F8E1ABA00E2B17A /* Base */,
			);
			name = MainMenu.xib;
			sourceTree = "<group>";
		};
/* End PBXVariantGroup section */

/* Begin XCBuildConfiguration section */
		C5B713921F8E0E9200E2B17A /* Debug */ = {
			isa = XCBuildConfiguration;
			buildSettings = {
				ALWAYS_SEARCH_USER_PATHS = NO;
				CLANG_ANALYZER_LOCALIZABILITY_NONLOCALIZED = YES;
				CLANG_ANALYZER_NONNULL = YES;
				CLANG_ANALYZER_NUMBER_OBJECT_CONVERSION = YES_AGGRESSIVE;
				CLANG_CXX_LANGUAGE_STANDARD = "gnu++14";
				CLANG_CXX_LIBRARY = "libc++";
				CLANG_ENABLE_MODULES = YES;
				CLANG_ENABLE_OBJC_ARC = YES;
				CLANG_WARN_BLOCK_CAPTURE_AUTORELEASING = YES;
				CLANG_WARN_BOOL_CONVERSION = YES;
				CLANG_WARN_COMMA = YES;
				CLANG_WARN_CONSTANT_CONVERSION = YES;
				CLANG_WARN_DIRECT_OBJC_ISA_USAGE = YES_ERROR;
				CLANG_WARN_DOCUMENTATION_COMMENTS = YES;
				CLANG_WARN_EMPTY_BODY = YES;
				CLANG_WARN_ENUM_CONVERSION = YES;
				CLANG_WARN_INFINITE_RECURSION = YES;
				CLANG_WARN_INT_CONVERSION = YES;
				CLANG_WARN_NON_LITERAL_NULL_CONVERSION = YES;
				CLANG_WARN_OBJC_LITERAL_CONVERSION = YES;
				CLANG_WARN_OBJC_ROOT_CLASS = YES_ERROR;
				CLANG_WARN_RANGE_LOOP_ANALYSIS = YES;
				CLANG_WARN_STRICT_PROTOTYPES = YES;
				CLANG_WARN_SUSPICIOUS_MOVE = YES;
				CLANG_WARN_UNGUARDED_AVAILABILITY = YES_AGGRESSIVE;
				CLANG_WARN_UNREACHABLE_CODE = YES;
				CLANG_WARN__DUPLICATE_METHOD_MATCH = YES;
				CODE_SIGN_IDENTITY = "Mac Developer";
				COPY_PHASE_STRIP = NO;
				DEBUG_INFORMATION_FORMAT = dwarf;
				ENABLE_STRICT_OBJC_MSGSEND = YES;
				ENABLE_TESTABILITY = YES;
				GCC_C_LANGUAGE_STANDARD = gnu11;
				GCC_DYNAMIC_NO_PIC = NO;
				GCC_NO_COMMON_BLOCKS = YES;
				GCC_OPTIMIZATION_LEVEL = 0;
				GCC_PREPROCESSOR_DEFINITIONS = (
					"DEBUG=1",
					"$(inherited)",
				);
				GCC_WARN_64_TO_32_BIT_CONVERSION = YES;
				GCC_WARN_ABOUT_RETURN_TYPE = YES_ERROR;
				GCC_WARN_UNDECLARED_SELECTOR = YES;
				GCC_WARN_UNINITIALIZED_AUTOS = YES_AGGRESSIVE;
				GCC_WARN_UNUSED_FUNCTION = YES;
				GCC_WARN_UNUSED_VARIABLE = YES;
				MACOSX_DEPLOYMENT_TARGET = 10.13;
				MTL_ENABLE_DEBUG_INFO = YES;
				ONLY_ACTIVE_ARCH = YES;
				SDKROOT = macosx;
			};
			name = Debug;
		};
		C5B713931F8E0E9200E2B17A /* Release */ = {
			isa = XCBuildConfiguration;
			buildSettings = {
				ALWAYS_SEARCH_USER_PATHS = NO;
				CLANG_ANALYZER_LOCALIZABILITY_NONLOCALIZED = YES;
				CLANG_ANALYZER_NONNULL = YES;
				CLANG_ANALYZER_NUMBER_OBJECT_CONVERSION = YES_AGGRESSIVE;
				CLANG_CXX_LANGUAGE_STANDARD = "gnu++14";
				CLANG_CXX_LIBRARY = "libc++";
				CLANG_ENABLE_MODULES = YES;
				CLANG_ENABLE_OBJC_ARC = YES;
				CLANG_WARN_BLOCK_CAPTURE_AUTORELEASING = YES;
				CLANG_WARN_BOOL_CONVERSION = YES;
				CLANG_WARN_COMMA = YES;
				CLANG_WARN_CONSTANT_CONVERSION = YES;
				CLANG_WARN_DIRECT_OBJC_ISA_USAGE = YES_ERROR;
				CLANG_WARN_DOCUMENTATION_COMMENTS = YES;
				CLANG_WARN_EMPTY_BODY = YES;
				CLANG_WARN_ENUM_CONVERSION = YES;
				CLANG_WARN_INFINITE_RECURSION = YES;
				CLANG_WARN_INT_CONVERSION = YES;
				CLANG_WARN_NON_LITERAL_NULL_CONVERSION = YES;
				CLANG_WARN_OBJC_LITERAL_CONVERSION = YES;
				CLANG_WARN_OBJC_ROOT_CLASS = YES_ERROR;
				CLANG_WARN_RANGE_LOOP_ANALYSIS = YES;
				CLANG_WARN_STRICT_PROTOTYPES = YES;
				CLANG_WARN_SUSPICIOUS_MOVE = YES;
				CLANG_WARN_UNGUARDED_AVAILABILITY = YES_AGGRESSIVE;
				CLANG_WARN_UNREACHABLE_CODE = YES;
				CLANG_WARN__DUPLICATE_METHOD_MATCH = YES;
				CODE_SIGN_IDENTITY = "Mac Developer";
				COPY_PHASE_STRIP = NO;
				DEBUG_INFORMATION_FORMAT = "dwarf-with-dsym";
				ENABLE_NS_ASSERTIONS = NO;
				ENABLE_STRICT_OBJC_MSGSEND = YES;
				GCC_C_LANGUAGE_STANDARD = gnu11;
				GCC_NO_COMMON_BLOCKS = YES;
				GCC_WARN_64_TO_32_BIT_CONVERSION = YES;
				GCC_WARN_ABOUT_RETURN_TYPE = YES_ERROR;
				GCC_WARN_UNDECLARED_SELECTOR = YES;
				GCC_WARN_UNINITIALIZED_AUTOS = YES_AGGRESSIVE;
				GCC_WARN_UNUSED_FUNCTION = YES;
				GCC_WARN_UNUSED_VARIABLE = YES;
				MACOSX_DEPLOYMENT_TARGET = 10.13;
				MTL_ENABLE_DEBUG_INFO = NO;
				SDKROOT = macosx;
			};
			name = Release;
		};
		C5B713951F8E0E9200E2B17A /* Debug */ = {
			isa = XCBuildConfiguration;
			buildSettings = {
				ASSETCATALOG_COMPILER_APPICON_NAME = AppIcon;
				CODE_SIGN_IDENTITY = "Mac Developer";
				CODE_SIGN_STYLE = Automatic;
				COMBINE_HIDPI_IMAGES = YES;
				DEVELOPMENT_TEAM = JLH85UZHMF;
				INFOPLIST_FILE = BYAppIconTool/Info.plist;
				LD_RUNPATH_SEARCH_PATHS = "$(inherited) @executable_path/../Frameworks";
				MACOSX_DEPLOYMENT_TARGET = 10.11;
				PRODUCT_BUNDLE_IDENTIFIER = byxc.BYAppIconTool;
				PRODUCT_NAME = "$(TARGET_NAME)";
				PROVISIONING_PROFILE_SPECIFIER = "";
			};
			name = Debug;
		};
		C5B713961F8E0E9200E2B17A /* Release */ = {
			isa = XCBuildConfiguration;
			buildSettings = {
				ASSETCATALOG_COMPILER_APPICON_NAME = AppIcon;
				CODE_SIGN_IDENTITY = "Mac Developer";
				CODE_SIGN_STYLE = Automatic;
				COMBINE_HIDPI_IMAGES = YES;
				DEVELOPMENT_TEAM = JLH85UZHMF;
				INFOPLIST_FILE = BYAppIconTool/Info.plist;
				LD_RUNPATH_SEARCH_PATHS = "$(inherited) @executable_path/../Frameworks";
				MACOSX_DEPLOYMENT_TARGET = 10.11;
				PRODUCT_BUNDLE_IDENTIFIER = byxc.BYAppIconTool;
				PRODUCT_NAME = "$(TARGET_NAME)";
				PROVISIONING_PROFILE_SPECIFIER = "";
			};
			name = Release;
		};
/* End XCBuildConfiguration section */

/* Begin XCConfigurationList section */
		C5B7137E1F8E0E9200E2B17A /* Build configuration list for PBXProject "BYAppIconTool" */ = {
			isa = XCConfigurationList;
			buildConfigurations = (
				C5B713921F8E0E9200E2B17A /* Debug */,
				C5B713931F8E0E9200E2B17A /* Release */,
			);
			defaultConfigurationIsVisible = 0;
			defaultConfigurationName = Release;
		};
		C5B713941F8E0E9200E2B17A /* Build configuration list for PBXNativeTarget "BYAppIconTool" */ = {
			isa = XCConfigurationList;
			buildConfigurations = (
				C5B713951F8E0E9200E2B17A /* Debug */,
				C5B713961F8E0E9200E2B17A /* Release */,
			);
			defaultConfigurationIsVisible = 0;
			defaultConfigurationName = Release;
		};
/* End XCConfigurationList section */
	};
	rootObject = C5B7137B1F8E0E9200E2B17A /* Project object */;
}
