// !$*UTF8*$!
{
	archiveVersion = 1;
	classes = {
	};
	objectVersion = 48;
	objects = {

/* Begin PBXBuildFile section */
		C5B713881F8E0E9200E2B17A /* AppDelegate.m in Sources */ = {isa = PBXBuildFile; fileRef = C5B713871F8E0E9200E2B17A /* AppDelegate.m */; };
		C5B7138A1F8E0E9200E2B17A /* Assets.xcassets in Resources */ = {isa = PBXBuildFile; fileRef = C5B713891F8E0E9200E2B17A /* Assets.xcassets */; };
		C5B7138D1F8E0E9200E2B17A /* MainMenu.xib in Resources */ = {isa = PBXBuildFile; fileRef = C5B7138B1F8E0E9200E2B17A /* MainMenu.xib */; };
		C5B713901F8E0E9200E2B17A /* main.m in Sources */ = {isa = PBXBuildFile; fileRef = C5B7138F1F8E0E9200E2B17A /* main.m */; };
/* End PBXBuildFile section */

/* Begin PBXFileReference section */
		C5B713831F8E0E9200E2B17A /* BYAppIconTool.app */ = {isa = PBXFileReference; explicitFileType = wrapper.application; includeInIndex = 0; path = BYAppIconTool.app; sourceTree = BUILT_PRODUCTS_DIR; };
		C5B713861F8E0E9200E2B17A /* AppDelegate.h */ = {isa = PBXFileReference; lastKnownFileType = sourcecode.c.h; path = AppDelegate.h; sourceTree = "<group>"; };
		C5B713871F8E0E9200E2B17A /* AppDelegate.m */ = {isa = PBXFileReference; lastKnownFileType = sourcecode.c.objc; path = AppDelegate.m; sourceTree = "<group>"; };
		C5B713891F8E0E9200E2B17A /* Assets.xcassets */ = {isa = PBXFileReference; lastKnownFileType = folder.assetcatalog; path = Assets.xcassets; sourceTree = "<group>"; };
		C5B7138C1F8E0E9200E2B17A /* Base */ = {isa = PBXFileReference; lastKnownFileType = file.xib; name = Base; path = Base.lproj/MainMenu.xib; sourceTree = "<group>"; };
		C5B7138E1F8E0E9200E2B17A /* Info.plist */ = {isa = PBXFileReference; lastKnownFileType = text.plist.xml; path = Info.plist; sourceTree = "<group>"; };
		C5B7138F1F8E0E9200E2B17A /* main.m */ = {isa = PBXFileReference; lastKnownFileType = sourcecode.c.objc; path = main.m; sourceTree = "<group>"; };
		C5B713911F8E0E9200E2B17A /* BYAppIconTool.entitlements */ = {isa = PBXFileReference; lastKnownFileType = text.plist.entitlements; path = BYAppIconTool.entitlements; sourceTree = "<group>"; };
/* End PBXFileReference section */

/* Begin PBXFrameworksBuildPhase section */
		C5B713801F8E0E9200E2B17A /* Frameworks */ = {
			isa = PBXFrameworksBuildPhase;
			buildActionMask = 2147483647;
			files = (
			);
			runOnlyForDeploymentPostprocessing = 0;
		};
/* End PBXFrameworksBuildPhase section */

/* Begin PBXGroup section */
		C5B7137A1F8E0E9200E2B17A = {
			isa = PBXGroup;
			children = (
				C5B713851F8E0E9200E2B17A /* BYAppIconTool */,
				C5B713841F8E0E9200E2B17A /* Products */,
			);
			sourceTree = "<group>";
		};
		C5B713841F8E0E9200E2B17A /* Products */ = {
			isa = PBXGroup;
			children = (
				C5B713831F8E0E9200E2B17A /* BYAppIconTool.app */,
			);
			name = Products;
			sourceTree = "<group>";
		};
		C5B713851F8E0E9200E2B17A /* BYAppIconTool */ = {
			isa = PBXGroup;
			children = (
				C5B713861F8E0E9200E2B17A /* AppDelegate.h */,
				C5B713871F8E0E9200E2B17A /* AppDelegate.m */,
				C5B713891F8E0E9200E2B17A /* Assets.xcassets */,
				C5B7138B1F8E0E9200E2B17A /* MainMenu.xib */,
				C5B7138E1F8E0E9200E2B17A /* Info.plist */,
				C5B7138F1F8E0E9200E2B17A /* main.m */,
				C5B713911F8E0E9200E2B17A /* BYAppIconTool.entitlements */,
			);
			path = BYAppIconTool;
			sourceTree = "<group>";
		};
/* End PBXGroup section */

/* Begin PBXNativeTarget section */
		C5B713821F8E0E9200E2B17A /* BYAppIconTool */ = {
			isa = PBXNativeTarget;
			buildConfigurationList = C5B713941F8E0E9200E2B17A /* Build configuration list for PBXNativeTarget "BYAppIconTool" */;
			buildPhases = (
				C5B7137F1F8E0E9200E2B17A /* Sources */,
				C5B713801F8E0E9200E2B17A /* Frameworks */,
				C5B713811F8E0E9200E2B17A /* Resources */,
			);
			buildRules = (
			);
			dependencies = (
			);
			name = BYAppIconTool;
			productName = BYAppIconTool;
			productReference = C5B713831F8E0E9200E2B17A /* BYAppIconTool.app */;
			productType = "com.apple.product-type.application";
		};
/* End PBXNativeTarget section */

/* Begin PBXProject section */
		C5B7137B1F8E0E9200E2B17A /* Project object */ = {
			isa = PBXProject;
			attributes = {
				LastUpgradeCheck = 0900;
				ORGANIZATIONNAME = byxc;
				TargetAttributes = {
					C5B713821F8E0E9200E2B17A = {
						CreatedOnToolsVersion = 9.0;
						ProvisioningStyle = Automatic;
					};
				};
			};
			buildConfigurationList = C5B7137E1F8E0E9200E2B17A /* Build configuration list for PBXProject "BYAppIconTool" */;
			compatibilityVersion = "Xcode 8.0";
			developmentRegion = en;
			hasScannedForEncodings = 0;
			knownRegions = (
				en,
				Base,
			);
			mainGroup = C5B7137A1F8E0E9200E2B17A;
			productRefGroup = C5B713841F8E0E9200E2B17A /* Products */;
			projectDirPath = "";
			projectRoot = "";
			targets = (
				C5B713821F8E0E9200E2B17A /* BYAppIconTool */,
			);
		};
/* End PBXProject section */

/* Begin PBXResourcesBuildPhase section */
		C5B713811F8E0E9200E2B17A /* Resources */ = {
			isa = PBXResourcesBuildPhase;
			buildActionMask = 2147483647;
			files = (
				C5B7138A1F8E0E9200E2B17A /* Assets.xcassets in Resources */,
				C5B7138D1F8E0E9200E2B17A /* MainMenu.xib in Resources */,
			);
			runOnlyForDeploymentPostprocessing = 0;
		};
/* End PBXResourcesBuildPhase section */

/* Begin PBXSourcesBuildPhase section */
		C5B7137F1F8E0E9200E2B17A /* Sources */ = {
			isa = PBXSourcesBuildPhase;
			buildActionMask = 2147483647;
			files = (
				C5B713901F8E0E9200E2B17A /* main.m in Sources */,
				C5B713881F8E0E9200E2B17A /* AppDelegate.m in Sources */,
			);
			runOnlyForDeploymentPostprocessing = 0;
		};
/* End PBXSourcesBuildPhase section */

/* Begin PBXVariantGroup section */
		C5B7138B1F8E0E9200E2B17A /* MainMenu.xib */ = {
			isa = PBXVariantGroup;
			children = (
				C5B7138C1F8E0E9200E2B17A /* Base */,
			);
			name = MainMenu.xib;
			sourceTree = "<group>";
		};
/* End PBXVariantGroup section */

/* Begin XCBuildConfiguration section */
		C5B713921F8E0E9200E2B17A /* Debug */ = {
			isa = XCBuildConfiguration;
			buildSettings = {
				ALWAYS_SEARCH_USER_PATHS = NO;
				CLANG_ANALYZER_NONNULL = YES;
				CLANG_ANALYZER_NUMBER_OBJECT_CONVERSION = YES_AGGRESSIVE;
				CLANG_CXX_LANGUAGE_STANDARD = "gnu++14";
				CLANG_CXX_LIBRARY = "libc++";
				CLANG_ENABLE_MODULES = YES;
				CLANG_ENABLE_OBJC_ARC = YES;
				CLANG_WARN_BLOCK_CAPTURE_AUTORELEASING = YES;
				CLANG_WARN_BOOL_CONVERSION = YES;
				CLANG_WARN_COMMA = YES;
				CLANG_WARN_CONSTANT_CONVERSION = YES;
				CLANG_WARN_DIRECT_OBJC_ISA_USAGE = YES_ERROR;
				CLANG_WARN_DOCUMENTATION_COMMENTS = YES;
				CLANG_WARN_EMPTY_BODY = YES;
				CLANG_WARN_ENUM_CONVERSION = YES;
				CLANG_WARN_INFINITE_RECURSION = YES;
				CLANG_WARN_INT_CONVERSION = YES;
				CLANG_WARN_NON_LITERAL_NULL_CONVERSION = YES;
				CLANG_WARN_OBJC_LITERAL_CONVERSION = YES;
				CLANG_WARN_OBJC_ROOT_CLASS = YES_ERROR;
				CLANG_WARN_RANGE_LOOP_ANALYSIS = YES;
				CLANG_WARN_STRICT_PROTOTYPES = YES;
				CLANG_WARN_SUSPICIOUS_MOVE = YES;
				CLANG_WARN_UNGUARDED_AVAILABILITY = YES_AGGRESSIVE;
				CLANG_WARN_UNREACHABLE_CODE = YES;
				CLANG_WARN__DUPLICATE_METHOD_MATCH = YES;
				CODE_SIGN_IDENTITY = "Mac Developer";
				COPY_PHASE_STRIP = NO;
				DEBUG_INFORMATION_FORMAT = dwarf;
				ENABLE_STRICT_OBJC_MSGSEND = YES;
				ENABLE_TESTABILITY = YES;
				GCC_C_LANGUAGE_STANDARD = gnu11;
				GCC_DYNAMIC_NO_PIC = NO;
				GCC_NO_COMMON_BLOCKS = YES;
				GCC_OPTIMIZATION_LEVEL = 0;
				GCC_PREPROCESSOR_DEFINITIONS = (
					"DEBUG=1",
					"$(inherited)",
				);
				GCC_WARN_64_TO_32_BIT_CONVERSION = YES;
				GCC_WARN_ABOUT_RETURN_TYPE = YES_ERROR;
				GCC_WARN_UNDECLARED_SELECTOR = YES;
				GCC_WARN_UNINITIALIZED_AUTOS = YES_AGGRESSIVE;
				GCC_WARN_UNUSED_FUNCTION = YES;
				GCC_WARN_UNUSED_VARIABLE = YES;
				MACOSX_DEPLOYMENT_TARGET = 10.13;
				MTL_ENABLE_DEBUG_INFO = YES;
				ONLY_ACTIVE_ARCH = YES;
				SDKROOT = macosx;
			};
			name = Debug;
		};
		C5B713931F8E0E9200E2B17A /* Release */ = {
			isa = XCBuildConfiguration;
			buildSettings = {
				ALWAYS_SEARCH_USER_PATHS = NO;
				CLANG_ANALYZER_NONNULL = YES;
				CLANG_ANALYZER_NUMBER_OBJECT_CONVERSION = YES_AGGRESSIVE;
				CLANG_CXX_LANGUAGE_STANDARD = "gnu++14";
				CLANG_CXX_LIBRARY = "libc++";
				CLANG_ENABLE_MODULES = YES;
				CLANG_ENABLE_OBJC_ARC = YES;
				CLANG_WARN_BLOCK_CAPTURE_AUTORELEASING = YES;
				CLANG_WARN_BOOL_CONVERSION = YES;
				CLANG_WARN_COMMA = YES;
				CLANG_WARN_CONSTANT_CONVERSION = YES;
				CLANG_WARN_DIRECT_OBJC_ISA_USAGE = YES_ERROR;
				CLANG_WARN_DOCUMENTATION_COMMENTS = YES;
				CLANG_WARN_EMPTY_BODY = YES;
				CLANG_WARN_ENUM_CONVERSION = YES;
				CLANG_WARN_INFINITE_RECURSION = YES;
				CLANG_WARN_INT_CONVERSION = YES;
				CLANG_WARN_NON_LITERAL_NULL_CONVERSION = YES;
				CLANG_WARN_OBJC_LITERAL_CONVERSION = YES;
				CLANG_WARN_OBJC_ROOT_CLASS = YES_ERROR;
				CLANG_WARN_RANGE_LOOP_ANALYSIS = YES;
				CLANG_WARN_STRICT_PROTOTYPES = YES;
				CLANG_WARN_SUSPICIOUS_MOVE = YES;
				CLANG_WARN_UNGUARDED_AVAILABILITY = YES_AGGRESSIVE;
				CLANG_WARN_UNREACHABLE_CODE = YES;
				CLANG_WARN__DUPLICATE_METHOD_MATCH = YES;
				CODE_SIGN_IDENTITY = "Mac Developer";
				COPY_PHASE_STRIP = NO;
				DEBUG_INFORMATION_FORMAT = "dwarf-with-dsym";
				ENABLE_NS_ASSERTIONS = NO;
				ENABLE_STRICT_OBJC_MSGSEND = YES;
				GCC_C_LANGUAGE_STANDARD = gnu11;
				GCC_NO_COMMON_BLOCKS = YES;
				GCC_WARN_64_TO_32_BIT_CONVERSION = YES;
				GCC_WARN_ABOUT_RETURN_TYPE = YES_ERROR;
				GCC_WARN_UNDECLARED_SELECTOR = YES;
				GCC_WARN_UNINITIALIZED_AUTOS = YES_AGGRESSIVE;
				GCC_WARN_UNUSED_FUNCTION = YES;
				GCC_WARN_UNUSED_VARIABLE = YES;
				MACOSX_DEPLOYMENT_TARGET = 10.13;
				MTL_ENABLE_DEBUG_INFO = NO;
				SDKROOT = macosx;
			};
			name = Release;
		};
		C5B713951F8E0E9200E2B17A /* Debug */ = {
			isa = XCBuildConfiguration;
			buildSettings = {
				ASSETCATALOG_COMPILER_APPICON_NAME = AppIcon;
				CODE_SIGN_ENTITLEMENTS = BYAppIconTool/BYAppIconTool.entitlements;
				CODE_SIGN_STYLE = Automatic;
				COMBINE_HIDPI_IMAGES = YES;
				DEVELOPMENT_TEAM = JLH85UZHMF;
				INFOPLIST_FILE = BYAppIconTool/Info.plist;
				LD_RUNPATH_SEARCH_PATHS = "$(inherited) @executable_path/../Frameworks";
				PRODUCT_BUNDLE_IDENTIFIER = byxc.BYAppIconTool;
				PRODUCT_NAME = "$(TARGET_NAME)";
			};
			name = Debug;
		};
		C5B713961F8E0E9200E2B17A /* Release */ = {
			isa = XCBuildConfiguration;
			buildSettings = {
				ASSETCATALOG_COMPILER_APPICON_NAME = AppIcon;
				CODE_SIGN_ENTITLEMENTS = BYAppIconTool/BYAppIconTool.entitlements;
				CODE_SIGN_STYLE = Automatic;
				COMBINE_HIDPI_IMAGES = YES;
				DEVELOPMENT_TEAM = JLH85UZHMF;
				INFOPLIST_FILE = BYAppIconTool/Info.plist;
				LD_RUNPATH_SEARCH_PATHS = "$(inherited) @executable_path/../Frameworks";
				PRODUCT_BUNDLE_IDENTIFIER = byxc.BYAppIconTool;
				PRODUCT_NAME = "$(TARGET_NAME)";
			};
			name = Release;
		};
/* End XCBuildConfiguration section */

/* Begin XCConfigurationList section */
		C5B7137E1F8E0E9200E2B17A /* Build configuration list for PBXProject "BYAppIconTool" */ = {
			isa = XCConfigurationList;
			buildConfigurations = (
				C5B713921F8E0E9200E2B17A /* Debug */,
				C5B713931F8E0E9200E2B17A /* Release */,
			);
			defaultConfigurationIsVisible = 0;
			defaultConfigurationName = Release;
		};
		C5B713941F8E0E9200E2B17A /* Build configuration list for PBXNativeTarget "BYAppIconTool" */ = {
			isa = XCConfigurationList;
			buildConfigurations = (
				C5B713951F8E0E9200E2B17A /* Debug */,
				C5B713961F8E0E9200E2B17A /* Release */,
			);
			defaultConfigurationIsVisible = 0;
			defaultConfigurationName = Release;
		};
/* End XCConfigurationList section */
	};
	rootObject = C5B7137B1F8E0E9200E2B17A /* Project object */;
}
